PODS:
  - HockeySDK-Mac (4.1.0)
  - objective-zip (1.0.3)

DEPENDENCIES:
  - HockeySDK-Mac
  - objective-zip (from `https://github.com/dtweston/Objective-Zip.git`, commit `b423fd2`)

EXTERNAL SOURCES:
  objective-zip:
    :commit: b423fd2
    :git: https://github.com/dtweston/Objective-Zip.git

CHECKOUT OPTIONS:
  objective-zip:
    :commit: b423fd2
    :git: https://github.com/dtweston/Objective-Zip.git

SPEC CHECKSUMS:
  HockeySDK-Mac: c849a264e4f5f43520f7eec7d3f8b921cfc6e63b
  objective-zip: 2f4eba2ed4a06ed74c7e6e4e7b80e6cacf212217

PODFILE CHECKSUM: a0daa95f0cdfd7e63cbd6a48de50d3ff4baece8d

COCOAPODS: 1.3.1
